PODS:
  - Flutter (1.0.0)
  - flutter_push_plugin (0.0.1):
    - Flutter

DEPENDENCIES:
  - Flutter (from `Flutter`)
  - flutter_push_plugin (from `.symlinks/plugins/flutter_push_plugin/ios`)

EXTERNAL SOURCES:
  Flutter:
    :path: Flutter
  flutter_push_plugin:
    :path: ".symlinks/plugins/flutter_push_plugin/ios"

SPEC CHECKSUMS:
  Flutter: e0871f40cf51350855a761d2e70bf5af5b9b5de7
  flutter_push_plugin: 7a8b5c58ebe84cca8046823f8d5a35b8c692af2c

PODFILE CHECKSUM: 6e700dec67e6deac9b1c69bb14c49a2217a12d15

COCOAPODS: 1.15.2
